{
    "_readme": [
        "This file locks the dependencies of your project to a known state",
        "Read more about it at https://getcomposer.org/doc/01-basic-usage.md#composer-lock-the-lock-file",
        "This file is @generated automatically"
    ],
    "hash": "492e8ff2c9454921516f9b33e3a6088e",
    "content-hash": "6302b2bb21ebe054804e9951faf18c48",
    "packages": [
        {
            "name": "kaltura/moodle_plugin",
            "version": "dev-MOODLE_30_MDL-54834",
            "source": {
                "type": "git",
                "url": "https://github.com/dunlop-lello/kaltura_moodle_plugin.git",
                "reference": "890e48d7ddb5562296458e34097542a17dc91e5e"
            },
            "dist": {
                "type": "zip",
                "url": "https://api.github.com/repos/dunlop-lello/kaltura_moodle_plugin/zipball/890e48d7ddb5562296458e34097542a17dc91e5e",
                "reference": "890e48d7ddb5562296458e34097542a17dc91e5e",
                "shasum": ""
            },
            "type": "library",
            "support": {
                "source": "https://github.com/dunlop-lello/kaltura_moodle_plugin/tree/MOODLE_30_MDL-54834"
            },
            "time": "2016-06-05 22:18:12"
        },
        {
            "name": "moodle/moodle",
            "version": "dev-MOODLE_31_MDL-54834",
            "source": {
                "type": "git",
                "url": "https://github.com/dunlop-lello/moodle.git",
                "reference": "efe99533a2984a0acf849a3edf878a03fec29413"
            },
            "dist": {
                "type": "zip",
                "url": "https://api.github.com/repos/dunlop-lello/moodle/zipball/efe99533a2984a0acf849a3edf878a03fec29413",
                "reference": "efe99533a2984a0acf849a3edf878a03fec29413",
                "shasum": ""
            },
            "require-dev": {
                "moodlehq/behat-extension": "3.31.2",
                "phpunit/dbunit": "1.4.*",
                "phpunit/phpunit": "4.8.*"
            },
            "type": "library",
            "support": {
                "source": "https://github.com/dunlop-lello/moodle/tree/MOODLE_31_MDL-54834"
            },
            "time": "2016-06-05 21:06:00"
        }
    ],
    "packages-dev": [],
    "aliases": [],
    "minimum-stability": "stable",
    "stability-flags": {
        "moodle/moodle": 20,
        "kaltura/moodle_plugin": 20
    },
    "prefer-stable": false,
    "prefer-lowest": false,
    "platform": [],
    "platform-dev": []
}
