{
    "_readme": [
        "This file locks the dependencies of your project to a known state",
        "Read more about it at https://getcomposer.org/doc/01-basic-usage.md#composer-lock-the-lock-file",
        "This file is @generated automatically"
    ],
    "hash": "f0cf9618051ebddb8fc10819e8882372",
    "content-hash": "a2dd1878fb8ed98ccda077f5d9d92f83",
    "packages": [
        {
            "name": "dunlop-lello/composer-moodle",
            "version": "dev-master",
            "source": {
                "type": "git",
                "url": "https://github.com/dunlop-lello/composer-moodle.git",
                "reference": "4a44cdf19ef378699b7b6aaf8a3bacc6fdaf4b8e"
            },
            "dist": {
                "type": "zip",
                "url": "https://api.github.com/repos/dunlop-lello/composer-moodle/zipball/4a44cdf19ef378699b7b6aaf8a3bacc6fdaf4b8e",
                "reference": "4a44cdf19ef378699b7b6aaf8a3bacc6fdaf4b8e",
                "shasum": ""
            },
            "require": {
                "composer-plugin-api": "^1.0"
            },
            "type": "composer-plugin",
            "extra": {
                "class": "DunlopLello\\Composer\\Moodle\\Plugin"
            },
            "autoload": {
                "psr-4": {
                    "DunlopLello\\Composer\\Moodle\\": "src/"
                }
            },
            "support": {
                "source": "https://github.com/dunlop-lello/composer-moodle/tree/master",
                "issues": "https://github.com/dunlop-lello/composer-moodle/issues"
            },
            "time": "2016-06-21 05:52:01"
        },
        {
            "name": "moodle/moodle",
            "version": "master",
            "source": {
                "type": "git",
                "url": "/srv/moodle31/docroot/.git",
                "reference": "master"
            },
            "type": "moodle-core",
            "time": "2016-06-05 17:46:26"
        },
        {
            "name": "moodle/moodle-theme_aardvark",
            "version": "3.0.2015110900",
            "dist": {
                "type": "zip",
                "url": "https://moodle.org/plugins/download.php/9710/theme_aardvark_moodle30_2015110900.zip",
                "reference": null,
                "shasum": null
            },
            "type": "moodle-plugin"
        }
    ],
    "packages-dev": [],
    "aliases": [],
    "minimum-stability": "stable",
    "stability-flags": {
        "dunlop-lello/composer-moodle": 20,
        "moodle/moodle": 20
    },
    "prefer-stable": false,
    "prefer-lowest": false,
    "platform": [],
    "platform-dev": []
}
